
Microsoft Visual Studio Solution File, Format Version 12.00
# Visual Studio Version 17
VisualStudioVersion = 17.3.32901.215
MinimumVisualStudioVersion = 10.0.40219.1
Project("{FAE04EC0-301F-11D3-BF4B-00C04F79EFBC}") = "Exercicio_POO_16_Employee_Heranaca_Polimorfismo", "Exercicio_POO_16_Employee_Heranaca_Polimorfismo.csproj", "{60261724-692D-4337-8D85-9F20C5AC2801}"
EndProject
Global
	GlobalSection(SolutionConfigurationPlatforms) = preSolution
		Debug|Any CPU = Debug|Any CPU
		Release|Any CPU = Release|Any CPU
	EndGlobalSection
	GlobalSection(ProjectConfigurationPlatforms) = postSolution
		{60261724-692D-4337-8D85-9F20C5AC2801}.Debug|Any CPU.ActiveCfg = Debug|Any CPU
		{60261724-692D-4337-8D85-9F20C5AC2801}.Debug|Any CPU.Build.0 = Debug|Any CPU
		{60261724-692D-4337-8D85-9F20C5AC2801}.Release|Any CPU.ActiveCfg = Release|Any CPU
		{60261724-692D-4337-8D85-9F20C5AC2801}.Release|Any CPU.Build.0 = Release|Any CPU
	EndGlobalSection
	GlobalSection(SolutionProperties) = preSolution
		HideSolutionNode = FALSE
	EndGlobalSection
	GlobalSection(ExtensibilityGlobals) = postSolution
		SolutionGuid = {49DB0FD7-28A4-45AE-AA41-B144C9F3E821}
	EndGlobalSection
EndGlobal
